{
  "name": "deploying-machine-learning-models",
  "lockfileVersion": 3,
  "requires": true,
  "packages": {
    "": {
      "dependencies": {
        "gemfury": "^0.0.1"
      }
    },
    "node_modules/gemfury": {
      "version": "0.0.1",
      "resolved": "https://registry.npmjs.org/gemfury/-/gemfury-0.0.1.tgz",
      "integrity": "sha512-MId8dFGuorgfN6uOQg+7L4JgFjtKHMKknhvL4HvH0fGImdbC0r13p43fQ6e2DOUFy9Au5DcQU8Trsb2/YaP2Og==",
      "engines": {
        "node": "*"
      }
    }
  }
}
